{
  "version": 4,
  "terraform_version": "1.1.5",
  "serial": 61,
  "lineage": "434a9c48-666c-76c5-4ddc-ce8dcf8c0f63",
  "outputs": {
    "compartment-OCID": {
      "value": "ocid1.compartment.oc1..aaaaaaaabuacridt7yhiusk4hrbekpmje4aet66filj3tc4xqiuj7ugzy5pa",
      "type": "string"
    },
    "compartment-name": {
      "value": "terra-compartment",
      "type": "string"
    },
    "compartment-state": {
      "value": "ACTIVE",
      "type": "string"
    },
    "compartment-time_created": {
      "value": "2022-03-03 15:14:42.925 +0000 UTC",
      "type": "string"
    },
    "id-for-for-route-table-that-includes-the-nat-gateway": {
      "value": "ocid1.routetable.oc1.uk-london-1.aaaaaaaaahxw5f6q42h3tg3f6ftmob75bkkiwjuhxqxxwoav6wkrfj2c36jq",
      "type": "string"
    },
    "id-for-route-table-that-includes-the-internet-gateway": {
      "value": "ocid1.routetable.oc1.uk-london-1.aaaaaaaaio3z2s4ukqcrmu2akqrhooqgo6rin3qeiwc4ib4qy6mbgt5hx4xa",
      "type": "string"
    },
    "instance-OCID": {
      "value": "ocid1.instance.oc1.uk-london-1.anwgiljrva3clrqceyajabd455fb2p5c2xyqh34e7tirz4z6q4mgpbxrgq3q",
      "type": "string"
    },
    "instance-OCPUs": {
      "value": 1,
      "type": "number"
    },
    "instance-memory-in-GBs": {
      "value": 15,
      "type": "number"
    },
    "instance-name": {
      "value": "oci-vm",
      "type": "string"
    },
    "instance-region": {
      "value": "uk-london-1",
      "type": "string"
    },
    "instance-shape": {
      "value": "VM.Standard2.1",
      "type": "string"
    },
    "instance-state": {
      "value": "RUNNING",
      "type": "string"
    },
    "name-of-first-availability-domain": {
      "value": "XmqQ:UK-LONDON-1-AD-1",
      "type": "string"
    },
    "nat-gateway-id": {
      "value": "ocid1.natgateway.oc1.uk-london-1.aaaaaaaautgn6vucdsohqtvkovzrtrv3t7hszezd3ufhxhm7xrodzj7rxocq",
      "type": "string"
    },
    "private-security-list-OCID": {
      "value": "ocid1.securitylist.oc1.uk-london-1.aaaaaaaam22egocejivymwfmqamy3dszr6bb3aw4u7s5tngcjwcdsid55pna",
      "type": "string"
    },
    "private-security-list-name": {
      "value": "security-list-for-private-subnet",
      "type": "string"
    },
    "private-subnet-OCID": {
      "value": "ocid1.subnet.oc1.uk-london-1.aaaaaaaae4e6fya53lkbbsle36foghj67euzlnxxdvbb3zzz2jxl4pn6go2q",
      "type": "string"
    },
    "private-subnet-name": {
      "value": "private-subnet",
      "type": "string"
    },
    "public-ip-for-compute-instance": {
      "value": "140.238.83.124",
      "type": "string"
    },
    "public-security-list-OCID": {
      "value": "ocid1.securitylist.oc1.uk-london-1.aaaaaaaaqbdzemcxgtrs6hzk5lyqip7kcpq5lori7dbsw3zfiz3htmqpfw6a",
      "type": "string"
    },
    "public-security-list-name": {
      "value": "security-list-for-public-subnet",
      "type": "string"
    },
    "public-subnet-OCID": {
      "value": "ocid1.subnet.oc1.uk-london-1.aaaaaaaarwe5auw3b7g2kvsrtphi2adxzjjth6howiesxfa55uf77zysevha",
      "type": "string"
    },
    "public-subnet-name": {
      "value": "public-subnet",
      "type": "string"
    },
    "time-created": {
      "value": "2022-03-03 15:15:24.516 +0000 UTC",
      "type": "string"
    },
    "vcn_id": {
      "value": "ocid1.vcn.oc1.uk-london-1.amaaaaaava3clrqagxilzdeqrt5x6jmqifyt4mbalvaezrudrpgyu4oihjwa",
      "type": "string"
    }
  },
  "resources": [
    {
      "mode": "data",
      "type": "oci_identity_availability_domains",
      "name": "ads",
      "provider": "provider[\"registry.terraform.io/hashicorp/oci\"]",
      "instances": [
        {
          "schema_version": 0,
          "attributes": {
            "availability_domains": [
              {
                "compartment_id": "ocid1.tenancy.oc1..aaaaaaaajtg6ypzjdzuri7hkhwsoq3e7h7bb5qmotxafznkgyvodyxi3mreq",
                "id": "ocid1.availabilitydomain.oc1..aaaaaaaaw2i3i53quioaywmhx56ss5plwk7bmmeg2266lo7inilhbizeroua",
                "name": "XmqQ:UK-LONDON-1-AD-1"
              },
              {
                "compartment_id": "ocid1.tenancy.oc1..aaaaaaaajtg6ypzjdzuri7hkhwsoq3e7h7bb5qmotxafznkgyvodyxi3mreq",
                "id": "ocid1.availabilitydomain.oc1..aaaaaaaac6kgqnl5eberztbdm2ufhpxohk7cuelajmafpqa3m6rpri4tc2yq",
                "name": "XmqQ:UK-LONDON-1-AD-2"
              },
              {
                "compartment_id": "ocid1.tenancy.oc1..aaaaaaaajtg6ypzjdzuri7hkhwsoq3e7h7bb5qmotxafznkgyvodyxi3mreq",
                "id": "ocid1.availabilitydomain.oc1..aaaaaaaapjv4p3qtly2fesrig77q4tlmi3wvakeet6fskc7do2fmawz3xctq",
                "name": "XmqQ:UK-LONDON-1-AD-3"
              }
            ],
            "compartment_id": "ocid1.tenancy.oc1..aaaaaaaajtg6ypzjdzuri7hkhwsoq3e7h7bb5qmotxafznkgyvodyxi3mreq",
            "filter": null,
            "id": "IdentityAvailabilityDomainsDataSource-644276802"
          },
          "sensitive_attributes": []
        }
      ]
    },
    {
      "mode": "managed",
      "type": "oci_core_instance",
      "name": "ubuntu_instance",
      "provider": "provider[\"registry.terraform.io/hashicorp/oci\"]",
      "instances": [
        {
          "schema_version": 0,
          "attributes": {
            "agent_config": [
              {
                "are_all_plugins_disabled": false,
                "is_management_disabled": false,
                "is_monitoring_disabled": false,
                "plugins_config": []
              }
            ],
            "async": null,
            "availability_config": [
              {
                "is_live_migration_preferred": false,
                "recovery_action": "RESTORE_INSTANCE"
              }
            ],
            "availability_domain": "XmqQ:UK-LONDON-1-AD-1",
            "boot_volume_id": "ocid1.bootvolume.oc1.uk-london-1.abwgiljr3ma5vkenorxufnxwcdy6abuy2ofxqkmxzndseg6gvfv43fwwlzbq",
            "capacity_reservation_id": null,
            "compartment_id": "ocid1.compartment.oc1..aaaaaaaabuacridt7yhiusk4hrbekpmje4aet66filj3tc4xqiuj7ugzy5pa",
            "create_vnic_details": [
              {
                "assign_private_dns_record": false,
                "assign_public_ip": "true",
                "defined_tags": {
                  "Oracle-Tags.CreatedBy": "default/ociadmin",
                  "Oracle-Tags.CreatedOn": "2022-03-03T15:15:24.089Z"
                },
                "display_name": "oci-vm",
                "freeform_tags": {},
                "hostname_label": "",
                "nsg_ids": [],
                "private_ip": "10.0.0.53",
                "skip_source_dest_check": false,
                "subnet_id": "ocid1.subnet.oc1.uk-london-1.aaaaaaaarwe5auw3b7g2kvsrtphi2adxzjjth6howiesxfa55uf77zysevha",
                "vlan_id": ""
              }
            ],
            "dedicated_vm_host_id": null,
            "defined_tags": {
              "Oracle-Tags.CreatedBy": "default/ociadmin",
              "Oracle-Tags.CreatedOn": "2022-03-03T15:15:23.897Z"
            },
            "display_name": "oci-vm",
            "extended_metadata": {},
            "fault_domain": "FAULT-DOMAIN-1",
            "freeform_tags": {
              "billing_code": "terrabilling",
              "project": "myociterraformproj"
            },
            "hostname_label": "",
            "id": "ocid1.instance.oc1.uk-london-1.anwgiljrva3clrqceyajabd455fb2p5c2xyqh34e7tirz4z6q4mgpbxrgq3q",
            "image": "ocid1.image.oc1.uk-london-1.aaaaaaaalu2sd65shsmeewhijd5bo4ut64sc5l3436lgoizanotrqbzawlwq",
            "instance_options": [
              {
                "are_legacy_imds_endpoints_disabled": false
              }
            ],
            "ipxe_script": null,
            "is_pv_encryption_in_transit_enabled": null,
            "launch_mode": "PARAVIRTUALIZED",
            "launch_options": [
              {
                "boot_volume_type": "PARAVIRTUALIZED",
                "firmware": "UEFI_64",
                "is_consistent_volume_naming_enabled": true,
                "is_pv_encryption_in_transit_enabled": false,
                "network_type": "PARAVIRTUALIZED",
                "remote_data_volume_type": "PARAVIRTUALIZED"
              }
            ],
            "metadata": {
              "ssh_authorized_keys": "ssh-rsa AAAAB3NzaC1yc2EAAAADAQABAAABAQDF0aSeAvXNWX3wLvJxcSmfgwWS+HWhnyCv2iwdWbDG5+DwSp747qMPxq6rqxRe8XsPb1yVIJqKpB5iApgzssozHjK9gT7ePm5Yas9uiJPP+ndC3wpJpneWiaHlbbfkGI/I4rJotQIwPZeen3LFiA+glj6NBru2Tzq3bvALm3wiJT4B2117c/xSAWEWRbX5RtBacCOBPnh0ercHsMvY6SjdJ4QUrjtwxW+WgEgGgr67HLyRA5NUpCOfxD41OxBHjJlsYPM2fpcnWpdynV2zx96NyAOxkhb9+0C0wo3uDrgTUi5K8W8J3oY0uda0AO/HYswr5jfIDqmN/WN06rDXBIqN oci-vm-key\n"
            },
            "platform_config": [],
            "preemptible_instance_config": [],
            "preserve_boot_volume": false,
            "private_ip": "10.0.0.53",
            "public_ip": "140.238.83.124",
            "region": "uk-london-1",
            "shape": "VM.Standard2.1",
            "shape_config": [
              {
                "baseline_ocpu_utilization": "",
                "gpu_description": "",
                "gpus": 0,
                "local_disk_description": "",
                "local_disks": 0,
                "local_disks_total_size_in_gbs": 0,
                "max_vnic_attachments": 2,
                "memory_in_gbs": 15,
                "networking_bandwidth_in_gbps": 1,
                "ocpus": 1,
                "processor_description": "2.0 GHz Intel® Xeon® Platinum 8167M (Skylake)"
              }
            ],
            "source_details": [
              {
                "boot_volume_size_in_gbs": "47",
                "kms_key_id": "",
                "source_id": "ocid1.image.oc1.uk-london-1.aaaaaaaalu2sd65shsmeewhijd5bo4ut64sc5l3436lgoizanotrqbzawlwq",
                "source_type": "image"
              }
            ],
            "state": "RUNNING",
            "subnet_id": "ocid1.subnet.oc1.uk-london-1.aaaaaaaarwe5auw3b7g2kvsrtphi2adxzjjth6howiesxfa55uf77zysevha",
            "system_tags": {},
            "time_created": "2022-03-03 15:15:24.516 +0000 UTC",
            "time_maintenance_reboot_due": "",
            "timeouts": null
          },
          "sensitive_attributes": [],
          "private": "eyJlMmJmYjczMC1lY2FhLTExZTYtOGY4OC0zNDM2M2JjN2M0YzAiOnsiY3JlYXRlIjoyNzAwMDAwMDAwMDAwLCJkZWxldGUiOjQ1MDAwMDAwMDAwMDAsInVwZGF0ZSI6MjcwMDAwMDAwMDAwMH19",
          "dependencies": [
            "data.oci_identity_availability_domains.ads",
            "oci_core_subnet.vcn-public-subnet",
            "oci_identity_compartment.tf-compartment"
          ]
        }
      ]
    },
    {
      "mode": "managed",
      "type": "oci_core_security_list",
      "name": "private-security-list",
      "provider": "provider[\"registry.terraform.io/hashicorp/oci\"]",
      "instances": [
        {
          "schema_version": 0,
          "attributes": {
            "compartment_id": "ocid1.compartment.oc1..aaaaaaaabuacridt7yhiusk4hrbekpmje4aet66filj3tc4xqiuj7ugzy5pa",
            "defined_tags": {
              "Oracle-Tags.CreatedBy": "default/ociadmin",
              "Oracle-Tags.CreatedOn": "2022-03-03T15:15:19.736Z"
            },
            "display_name": "security-list-for-private-subnet",
            "egress_security_rules": [
              {
                "description": "",
                "destination": "0.0.0.0/0",
                "destination_type": "CIDR_BLOCK",
                "icmp_options": [],
                "protocol": "all",
                "stateless": false,
                "tcp_options": [],
                "udp_options": []
              }
            ],
            "freeform_tags": {},
            "id": "ocid1.securitylist.oc1.uk-london-1.aaaaaaaam22egocejivymwfmqamy3dszr6bb3aw4u7s5tngcjwcdsid55pna",
            "ingress_security_rules": [
              {
                "description": "",
                "icmp_options": [
                  {
                    "code": -1,
                    "type": 3
                  }
                ],
                "protocol": "1",
                "source": "10.0.0.0/16",
                "source_type": "CIDR_BLOCK",
                "stateless": false,
                "tcp_options": [],
                "udp_options": []
              },
              {
                "description": "",
                "icmp_options": [
                  {
                    "code": 4,
                    "type": 3
                  }
                ],
                "protocol": "1",
                "source": "0.0.0.0/0",
                "source_type": "CIDR_BLOCK",
                "stateless": false,
                "tcp_options": [],
                "udp_options": []
              },
              {
                "description": "",
                "icmp_options": [],
                "protocol": "6",
                "source": "10.0.0.0/16",
                "source_type": "CIDR_BLOCK",
                "stateless": false,
                "tcp_options": [
                  {
                    "max": 22,
                    "min": 22,
                    "source_port_range": []
                  }
                ],
                "udp_options": []
              }
            ],
            "state": "AVAILABLE",
            "time_created": "2022-03-03 15:15:19.795 +0000 UTC",
            "timeouts": null,
            "vcn_id": "ocid1.vcn.oc1.uk-london-1.amaaaaaava3clrqagxilzdeqrt5x6jmqifyt4mbalvaezrudrpgyu4oihjwa"
          },
          "sensitive_attributes": [],
          "private": "eyJlMmJmYjczMC1lY2FhLTExZTYtOGY4OC0zNDM2M2JjN2M0YzAiOnsiY3JlYXRlIjoxMjAwMDAwMDAwMDAwLCJkZWxldGUiOjEyMDAwMDAwMDAwMDAsInVwZGF0ZSI6MTIwMDAwMDAwMDAwMH19",
          "dependencies": [
            "module.vcn.oci_core_vcn.vcn",
            "oci_identity_compartment.tf-compartment"
          ]
        }
      ]
    },
    {
      "mode": "managed",
      "type": "oci_core_security_list",
      "name": "public-security-list",
      "provider": "provider[\"registry.terraform.io/hashicorp/oci\"]",
      "instances": [
        {
          "schema_version": 0,
          "attributes": {
            "compartment_id": "ocid1.compartment.oc1..aaaaaaaabuacridt7yhiusk4hrbekpmje4aet66filj3tc4xqiuj7ugzy5pa",
            "defined_tags": {
              "Oracle-Tags.CreatedBy": "default/ociadmin",
              "Oracle-Tags.CreatedOn": "2022-03-03T15:15:19.787Z"
            },
            "display_name": "security-list-for-public-subnet",
            "egress_security_rules": [
              {
                "description": "",
                "destination": "0.0.0.0/0",
                "destination_type": "CIDR_BLOCK",
                "icmp_options": [],
                "protocol": "all",
                "stateless": false,
                "tcp_options": [],
                "udp_options": []
              }
            ],
            "freeform_tags": {},
            "id": "ocid1.securitylist.oc1.uk-london-1.aaaaaaaaqbdzemcxgtrs6hzk5lyqip7kcpq5lori7dbsw3zfiz3htmqpfw6a",
            "ingress_security_rules": [
              {
                "description": "",
                "icmp_options": [
                  {
                    "code": -1,
                    "type": 3
                  }
                ],
                "protocol": "1",
                "source": "10.0.0.0/16",
                "source_type": "CIDR_BLOCK",
                "stateless": false,
                "tcp_options": [],
                "udp_options": []
              },
              {
                "description": "",
                "icmp_options": [
                  {
                    "code": 4,
                    "type": 3
                  }
                ],
                "protocol": "1",
                "source": "0.0.0.0/0",
                "source_type": "CIDR_BLOCK",
                "stateless": false,
                "tcp_options": [],
                "udp_options": []
              },
              {
                "description": "",
                "icmp_options": [],
                "protocol": "6",
                "source": "0.0.0.0/0",
                "source_type": "CIDR_BLOCK",
                "stateless": false,
                "tcp_options": [
                  {
                    "max": 22,
                    "min": 22,
                    "source_port_range": []
                  }
                ],
                "udp_options": []
              }
            ],
            "state": "AVAILABLE",
            "time_created": "2022-03-03 15:15:19.826 +0000 UTC",
            "timeouts": null,
            "vcn_id": "ocid1.vcn.oc1.uk-london-1.amaaaaaava3clrqagxilzdeqrt5x6jmqifyt4mbalvaezrudrpgyu4oihjwa"
          },
          "sensitive_attributes": [],
          "private": "eyJlMmJmYjczMC1lY2FhLTExZTYtOGY4OC0zNDM2M2JjN2M0YzAiOnsiY3JlYXRlIjoxMjAwMDAwMDAwMDAwLCJkZWxldGUiOjEyMDAwMDAwMDAwMDAsInVwZGF0ZSI6MTIwMDAwMDAwMDAwMH19",
          "dependencies": [
            "module.vcn.oci_core_vcn.vcn",
            "oci_identity_compartment.tf-compartment"
          ]
        }
      ]
    },
    {
      "mode": "managed",
      "type": "oci_core_subnet",
      "name": "vcn-private-subnet",
      "provider": "provider[\"registry.terraform.io/hashicorp/oci\"]",
      "instances": [
        {
          "schema_version": 0,
          "attributes": {
            "availability_domain": null,
            "cidr_block": "10.0.1.0/24",
            "compartment_id": "ocid1.compartment.oc1..aaaaaaaabuacridt7yhiusk4hrbekpmje4aet66filj3tc4xqiuj7ugzy5pa",
            "defined_tags": {
              "Oracle-Tags.CreatedBy": "default/ociadmin",
              "Oracle-Tags.CreatedOn": "2022-03-03T15:15:20.969Z"
            },
            "dhcp_options_id": "ocid1.dhcpoptions.oc1.uk-london-1.aaaaaaaav4r5zphxhukymwz4pwbseclbbo3ivhddodsuq6a6frdvogv6qaza",
            "display_name": "private-subnet",
            "dns_label": null,
            "freeform_tags": {},
            "id": "ocid1.subnet.oc1.uk-london-1.aaaaaaaae4e6fya53lkbbsle36foghj67euzlnxxdvbb3zzz2jxl4pn6go2q",
            "ipv6cidr_block": null,
            "ipv6virtual_router_ip": null,
            "prohibit_internet_ingress": false,
            "prohibit_public_ip_on_vnic": false,
            "route_table_id": "ocid1.routetable.oc1.uk-london-1.aaaaaaaaahxw5f6q42h3tg3f6ftmob75bkkiwjuhxqxxwoav6wkrfj2c36jq",
            "security_list_ids": [
              "ocid1.securitylist.oc1.uk-london-1.aaaaaaaam22egocejivymwfmqamy3dszr6bb3aw4u7s5tngcjwcdsid55pna"
            ],
            "state": "AVAILABLE",
            "subnet_domain_name": null,
            "time_created": "2022-03-03 15:15:22.196 +0000 UTC",
            "timeouts": null,
            "vcn_id": "ocid1.vcn.oc1.uk-london-1.amaaaaaava3clrqagxilzdeqrt5x6jmqifyt4mbalvaezrudrpgyu4oihjwa",
            "virtual_router_ip": "10.0.1.1",
            "virtual_router_mac": "00:00:17:9F:E3:04"
          },
          "sensitive_attributes": [],
          "private": "eyJlMmJmYjczMC1lY2FhLTExZTYtOGY4OC0zNDM2M2JjN2M0YzAiOnsiY3JlYXRlIjoxMjAwMDAwMDAwMDAwLCJkZWxldGUiOjEyMDAwMDAwMDAwMDAsInVwZGF0ZSI6MTIwMDAwMDAwMDAwMH19",
          "dependencies": [
            "module.vcn.data.oci_core_services.all_oci_services",
            "module.vcn.module.drg_from_vcn_module.oci_core_drg.drg",
            "module.vcn.oci_core_nat_gateway.nat_gateway",
            "module.vcn.oci_core_route_table.nat",
            "module.vcn.oci_core_service_gateway.service_gateway",
            "module.vcn.oci_core_vcn.vcn",
            "oci_core_security_list.private-security-list",
            "oci_identity_compartment.tf-compartment"
          ]
        }
      ]
    },
    {
      "mode": "managed",
      "type": "oci_core_subnet",
      "name": "vcn-public-subnet",
      "provider": "provider[\"registry.terraform.io/hashicorp/oci\"]",
      "instances": [
        {
          "schema_version": 0,
          "attributes": {
            "availability_domain": null,
            "cidr_block": "10.0.0.0/24",
            "compartment_id": "ocid1.compartment.oc1..aaaaaaaabuacridt7yhiusk4hrbekpmje4aet66filj3tc4xqiuj7ugzy5pa",
            "defined_tags": {
              "Oracle-Tags.CreatedBy": "default/ociadmin",
              "Oracle-Tags.CreatedOn": "2022-03-03T15:15:20.969Z"
            },
            "dhcp_options_id": "ocid1.dhcpoptions.oc1.uk-london-1.aaaaaaaav4r5zphxhukymwz4pwbseclbbo3ivhddodsuq6a6frdvogv6qaza",
            "display_name": "public-subnet",
            "dns_label": null,
            "freeform_tags": {},
            "id": "ocid1.subnet.oc1.uk-london-1.aaaaaaaarwe5auw3b7g2kvsrtphi2adxzjjth6howiesxfa55uf77zysevha",
            "ipv6cidr_block": null,
            "ipv6virtual_router_ip": null,
            "prohibit_internet_ingress": false,
            "prohibit_public_ip_on_vnic": false,
            "route_table_id": "ocid1.routetable.oc1.uk-london-1.aaaaaaaaio3z2s4ukqcrmu2akqrhooqgo6rin3qeiwc4ib4qy6mbgt5hx4xa",
            "security_list_ids": [
              "ocid1.securitylist.oc1.uk-london-1.aaaaaaaaqbdzemcxgtrs6hzk5lyqip7kcpq5lori7dbsw3zfiz3htmqpfw6a"
            ],
            "state": "AVAILABLE",
            "subnet_domain_name": null,
            "time_created": "2022-03-03 15:15:21.032 +0000 UTC",
            "timeouts": null,
            "vcn_id": "ocid1.vcn.oc1.uk-london-1.amaaaaaava3clrqagxilzdeqrt5x6jmqifyt4mbalvaezrudrpgyu4oihjwa",
            "virtual_router_ip": "10.0.0.1",
            "virtual_router_mac": "00:00:17:9F:E3:04"
          },
          "sensitive_attributes": [],
          "private": "eyJlMmJmYjczMC1lY2FhLTExZTYtOGY4OC0zNDM2M2JjN2M0YzAiOnsiY3JlYXRlIjoxMjAwMDAwMDAwMDAwLCJkZWxldGUiOjEyMDAwMDAwMDAwMDAsInVwZGF0ZSI6MTIwMDAwMDAwMDAwMH19",
          "dependencies": [
            "module.vcn.module.drg_from_vcn_module.oci_core_drg.drg",
            "module.vcn.oci_core_internet_gateway.ig",
            "module.vcn.oci_core_route_table.ig",
            "module.vcn.oci_core_vcn.vcn",
            "oci_core_security_list.public-security-list",
            "oci_identity_compartment.tf-compartment"
          ]
        }
      ]
    },
    {
      "mode": "managed",
      "type": "oci_identity_compartment",
      "name": "tf-compartment",
      "provider": "provider[\"registry.terraform.io/hashicorp/oci\"]",
      "instances": [
        {
          "schema_version": 0,
          "attributes": {
            "compartment_id": "ocid1.tenancy.oc1..aaaaaaaajtg6ypzjdzuri7hkhwsoq3e7h7bb5qmotxafznkgyvodyxi3mreq",
            "defined_tags": {
              "Oracle-Tags.CreatedBy": "default/ociadmin",
              "Oracle-Tags.CreatedOn": "2022-03-03T15:14:42.842Z"
            },
            "description": "Compartment for Terraform resources.",
            "enable_delete": null,
            "freeform_tags": {},
            "id": "ocid1.compartment.oc1..aaaaaaaabuacridt7yhiusk4hrbekpmje4aet66filj3tc4xqiuj7ugzy5pa",
            "inactive_state": null,
            "is_accessible": true,
            "name": "terra-compartment",
            "state": "ACTIVE",
            "time_created": "2022-03-03 15:14:42.925 +0000 UTC",
            "timeouts": null
          },
          "sensitive_attributes": [],
          "private": "eyJlMmJmYjczMC1lY2FhLTExZTYtOGY4OC0zNDM2M2JjN2M0YzAiOnsiZGVsZXRlIjo1NDAwMDAwMDAwMDAwfX0="
        }
      ]
    },
    {
      "module": "module.vcn",
      "mode": "data",
      "type": "oci_core_services",
      "name": "all_oci_services",
      "provider": "provider[\"registry.terraform.io/hashicorp/oci\"]",
      "instances": [
        {
          "index_key": 0,
          "schema_version": 0,
          "attributes": {
            "filter": [
              {
                "name": "name",
                "regex": true,
                "values": [
                  "All .* Services In Oracle Services Network"
                ]
              }
            ],
            "id": "CoreServicesDataSource-0",
            "services": [
              {
                "cidr_block": "all-lhr-services-in-oracle-services-network",
                "description": "All LHR Services In Oracle Services Network",
                "id": "ocid1.service.oc1.uk-london-1.aaaaaaaatwg7f5mnzoapfunl66n2qkp4ormiykqk3hiwksum63gcyjk7ysla",
                "name": "All LHR Services In Oracle Services Network"
              }
            ]
          },
          "sensitive_attributes": []
        }
      ]
    },
    {
      "module": "module.vcn",
      "mode": "managed",
      "type": "oci_core_default_security_list",
      "name": "lockdown",
      "provider": "provider[\"registry.terraform.io/hashicorp/oci\"]",
      "instances": [
        {
          "index_key": 0,
          "schema_version": 0,
          "attributes": {
            "compartment_id": "ocid1.compartment.oc1..aaaaaaaabuacridt7yhiusk4hrbekpmje4aet66filj3tc4xqiuj7ugzy5pa",
            "defined_tags": {
              "Oracle-Tags.CreatedBy": "default/ociadmin",
              "Oracle-Tags.CreatedOn": "2022-03-03T15:15:17.598Z"
            },
            "display_name": "Default Security List for myoci-vcn-module",
            "egress_security_rules": [],
            "freeform_tags": {
              "module": "oracle-terraform-modules/vcn/oci",
              "terraformed": "Please do not edit manually"
            },
            "id": "ocid1.securitylist.oc1.uk-london-1.aaaaaaaaehkgkh566jk5ftqdvwln4lfjsvts4v4jw3out43iup5o3rigdfja",
            "ingress_security_rules": [],
            "manage_default_resource_id": "ocid1.securitylist.oc1.uk-london-1.aaaaaaaaehkgkh566jk5ftqdvwln4lfjsvts4v4jw3out43iup5o3rigdfja",
            "state": "AVAILABLE",
            "time_created": "2022-03-03 15:15:17.699 +0000 UTC",
            "timeouts": null
          },
          "sensitive_attributes": [],
          "private": "eyJlMmJmYjczMC1lY2FhLTExZTYtOGY4OC0zNDM2M2JjN2M0YzAiOnsiY3JlYXRlIjoxMjAwMDAwMDAwMDAwLCJkZWxldGUiOjEyMDAwMDAwMDAwMDAsInVwZGF0ZSI6MTIwMDAwMDAwMDAwMH19",
          "dependencies": [
            "module.vcn.oci_core_vcn.vcn",
            "oci_identity_compartment.tf-compartment"
          ]
        }
      ]
    },
    {
      "module": "module.vcn",
      "mode": "managed",
      "type": "oci_core_internet_gateway",
      "name": "ig",
      "provider": "provider[\"registry.terraform.io/hashicorp/oci\"]",
      "instances": [
        {
          "index_key": 0,
          "schema_version": 0,
          "attributes": {
            "compartment_id": "ocid1.compartment.oc1..aaaaaaaabuacridt7yhiusk4hrbekpmje4aet66filj3tc4xqiuj7ugzy5pa",
            "defined_tags": {
              "Oracle-Tags.CreatedBy": "default/ociadmin",
              "Oracle-Tags.CreatedOn": "2022-03-03T15:15:19.730Z"
            },
            "display_name": "internet-gateway",
            "enabled": true,
            "freeform_tags": {
              "billing_code": "terrabilling",
              "project": "myociterraformproj"
            },
            "id": "ocid1.internetgateway.oc1.uk-london-1.aaaaaaaauwpkujrfy6whi3bjuxjj33h7xt2m4jvo4abyvys5zbqntewcam5q",
            "state": "AVAILABLE",
            "time_created": "2022-03-03 15:15:19.775 +0000 UTC",
            "timeouts": null,
            "vcn_id": "ocid1.vcn.oc1.uk-london-1.amaaaaaava3clrqagxilzdeqrt5x6jmqifyt4mbalvaezrudrpgyu4oihjwa"
          },
          "sensitive_attributes": [],
          "private": "eyJlMmJmYjczMC1lY2FhLTExZTYtOGY4OC0zNDM2M2JjN2M0YzAiOnsiY3JlYXRlIjoxMjAwMDAwMDAwMDAwLCJkZWxldGUiOjEyMDAwMDAwMDAwMDAsInVwZGF0ZSI6MTIwMDAwMDAwMDAwMH19",
          "dependencies": [
            "module.vcn.oci_core_vcn.vcn",
            "oci_identity_compartment.tf-compartment"
          ]
        }
      ]
    },
    {
      "module": "module.vcn",
      "mode": "managed",
      "type": "oci_core_nat_gateway",
      "name": "nat_gateway",
      "provider": "provider[\"registry.terraform.io/hashicorp/oci\"]",
      "instances": [
        {
          "index_key": 0,
          "schema_version": 0,
          "attributes": {
            "block_traffic": false,
            "compartment_id": "ocid1.compartment.oc1..aaaaaaaabuacridt7yhiusk4hrbekpmje4aet66filj3tc4xqiuj7ugzy5pa",
            "defined_tags": {
              "Oracle-Tags.CreatedBy": "default/ociadmin",
              "Oracle-Tags.CreatedOn": "2022-03-03T15:15:19.700Z"
            },
            "display_name": "nat-gateway",
            "freeform_tags": {
              "billing_code": "terrabilling",
              "project": "myociterraformproj"
            },
            "id": "ocid1.natgateway.oc1.uk-london-1.aaaaaaaautgn6vucdsohqtvkovzrtrv3t7hszezd3ufhxhm7xrodzj7rxocq",
            "nat_ip": "130.162.167.42",
            "public_ip_id": "ocid1.publicip.oc1.uk-london-1.aaaaaaaajhqxb2cwshx26yq6jstvgylgg5bh6du7te3shscc2izvqdkmxszq",
            "state": "AVAILABLE",
            "time_created": "2022-03-03 15:15:19.965 +0000 UTC",
            "timeouts": null,
            "vcn_id": "ocid1.vcn.oc1.uk-london-1.amaaaaaava3clrqagxilzdeqrt5x6jmqifyt4mbalvaezrudrpgyu4oihjwa"
          },
          "sensitive_attributes": [],
          "private": "eyJlMmJmYjczMC1lY2FhLTExZTYtOGY4OC0zNDM2M2JjN2M0YzAiOnsiY3JlYXRlIjoxMjAwMDAwMDAwMDAwLCJkZWxldGUiOjEyMDAwMDAwMDAwMDAsInVwZGF0ZSI6MTIwMDAwMDAwMDAwMH19",
          "dependencies": [
            "module.vcn.oci_core_vcn.vcn",
            "oci_identity_compartment.tf-compartment"
          ]
        }
      ]
    },
    {
      "module": "module.vcn",
      "mode": "managed",
      "type": "oci_core_route_table",
      "name": "ig",
      "provider": "provider[\"registry.terraform.io/hashicorp/oci\"]",
      "instances": [
        {
          "index_key": 0,
          "schema_version": 0,
          "attributes": {
            "compartment_id": "ocid1.compartment.oc1..aaaaaaaabuacridt7yhiusk4hrbekpmje4aet66filj3tc4xqiuj7ugzy5pa",
            "defined_tags": {
              "Oracle-Tags.CreatedBy": "default/ociadmin",
              "Oracle-Tags.CreatedOn": "2022-03-03T15:15:20.305Z"
            },
            "display_name": "internet-route",
            "freeform_tags": {
              "billing_code": "terrabilling",
              "project": "myociterraformproj"
            },
            "id": "ocid1.routetable.oc1.uk-london-1.aaaaaaaaio3z2s4ukqcrmu2akqrhooqgo6rin3qeiwc4ib4qy6mbgt5hx4xa",
            "route_rules": [
              {
                "cidr_block": "",
                "description": "Terraformed - Auto-generated at Internet Gateway creation: Internet Gateway as default gateway",
                "destination": "0.0.0.0/0",
                "destination_type": "CIDR_BLOCK",
                "network_entity_id": "ocid1.internetgateway.oc1.uk-london-1.aaaaaaaauwpkujrfy6whi3bjuxjj33h7xt2m4jvo4abyvys5zbqntewcam5q"
              }
            ],
            "state": "AVAILABLE",
            "time_created": "2022-03-03 15:15:20.326 +0000 UTC",
            "timeouts": null,
            "vcn_id": "ocid1.vcn.oc1.uk-london-1.amaaaaaava3clrqagxilzdeqrt5x6jmqifyt4mbalvaezrudrpgyu4oihjwa"
          },
          "sensitive_attributes": [],
          "private": "eyJlMmJmYjczMC1lY2FhLTExZTYtOGY4OC0zNDM2M2JjN2M0YzAiOnsiY3JlYXRlIjoxMjAwMDAwMDAwMDAwLCJkZWxldGUiOjEyMDAwMDAwMDAwMDAsInVwZGF0ZSI6MTIwMDAwMDAwMDAwMH19",
          "dependencies": [
            "module.vcn.module.drg_from_vcn_module.oci_core_drg.drg",
            "module.vcn.oci_core_internet_gateway.ig",
            "module.vcn.oci_core_vcn.vcn",
            "oci_identity_compartment.tf-compartment"
          ]
        }
      ]
    },
    {
      "module": "module.vcn",
      "mode": "managed",
      "type": "oci_core_route_table",
      "name": "nat",
      "provider": "provider[\"registry.terraform.io/hashicorp/oci\"]",
      "instances": [
        {
          "index_key": 0,
          "schema_version": 0,
          "attributes": {
            "compartment_id": "ocid1.compartment.oc1..aaaaaaaabuacridt7yhiusk4hrbekpmje4aet66filj3tc4xqiuj7ugzy5pa",
            "defined_tags": {
              "Oracle-Tags.CreatedBy": "default/ociadmin",
              "Oracle-Tags.CreatedOn": "2022-03-03T15:15:21.564Z"
            },
            "display_name": "nat-route",
            "freeform_tags": {
              "billing_code": "terrabilling",
              "project": "myociterraformproj"
            },
            "id": "ocid1.routetable.oc1.uk-london-1.aaaaaaaaahxw5f6q42h3tg3f6ftmob75bkkiwjuhxqxxwoav6wkrfj2c36jq",
            "route_rules": [
              {
                "cidr_block": "",
                "description": "Terraformed - Auto-generated at NAT Gateway creation: NAT Gateway as default gateway",
                "destination": "0.0.0.0/0",
                "destination_type": "CIDR_BLOCK",
                "network_entity_id": "ocid1.natgateway.oc1.uk-london-1.aaaaaaaautgn6vucdsohqtvkovzrtrv3t7hszezd3ufhxhm7xrodzj7rxocq"
              },
              {
                "cidr_block": "",
                "description": "Terraformed - Auto-generated at Service Gateway creation: All Services in region to Service Gateway",
                "destination": "all-lhr-services-in-oracle-services-network",
                "destination_type": "SERVICE_CIDR_BLOCK",
                "network_entity_id": "ocid1.servicegateway.oc1.uk-london-1.aaaaaaaa4zbeac2hpftn4jrc3eetkav74qvttv2g5gnm2nj6z4rhdhmvjeda"
              }
            ],
            "state": "AVAILABLE",
            "time_created": "2022-03-03 15:15:21.61 +0000 UTC",
            "timeouts": null,
            "vcn_id": "ocid1.vcn.oc1.uk-london-1.amaaaaaava3clrqagxilzdeqrt5x6jmqifyt4mbalvaezrudrpgyu4oihjwa"
          },
          "sensitive_attributes": [],
          "private": "eyJlMmJmYjczMC1lY2FhLTExZTYtOGY4OC0zNDM2M2JjN2M0YzAiOnsiY3JlYXRlIjoxMjAwMDAwMDAwMDAwLCJkZWxldGUiOjEyMDAwMDAwMDAwMDAsInVwZGF0ZSI6MTIwMDAwMDAwMDAwMH19",
          "dependencies": [
            "module.vcn.data.oci_core_services.all_oci_services",
            "module.vcn.module.drg_from_vcn_module.oci_core_drg.drg",
            "module.vcn.oci_core_nat_gateway.nat_gateway",
            "module.vcn.oci_core_service_gateway.service_gateway",
            "module.vcn.oci_core_vcn.vcn",
            "oci_identity_compartment.tf-compartment"
          ]
        }
      ]
    },
    {
      "module": "module.vcn",
      "mode": "managed",
      "type": "oci_core_service_gateway",
      "name": "service_gateway",
      "provider": "provider[\"registry.terraform.io/hashicorp/oci\"]",
      "instances": [
        {
          "index_key": 0,
          "schema_version": 0,
          "attributes": {
            "block_traffic": false,
            "compartment_id": "ocid1.compartment.oc1..aaaaaaaabuacridt7yhiusk4hrbekpmje4aet66filj3tc4xqiuj7ugzy5pa",
            "defined_tags": {
              "Oracle-Tags.CreatedBy": "default/ociadmin",
              "Oracle-Tags.CreatedOn": "2022-03-03T15:15:19.508Z"
            },
            "display_name": "service-gateway",
            "freeform_tags": {
              "billing_code": "terrabilling",
              "project": "myociterraformproj"
            },
            "id": "ocid1.servicegateway.oc1.uk-london-1.aaaaaaaa4zbeac2hpftn4jrc3eetkav74qvttv2g5gnm2nj6z4rhdhmvjeda",
            "route_table_id": null,
            "services": [
              {
                "service_id": "ocid1.service.oc1.uk-london-1.aaaaaaaatwg7f5mnzoapfunl66n2qkp4ormiykqk3hiwksum63gcyjk7ysla",
                "service_name": "All LHR Services In Oracle Services Network"
              }
            ],
            "state": "AVAILABLE",
            "time_created": "2022-03-03 15:15:20.167 +0000 UTC",
            "timeouts": null,
            "vcn_id": "ocid1.vcn.oc1.uk-london-1.amaaaaaava3clrqagxilzdeqrt5x6jmqifyt4mbalvaezrudrpgyu4oihjwa"
          },
          "sensitive_attributes": [],
          "private": "eyJlMmJmYjczMC1lY2FhLTExZTYtOGY4OC0zNDM2M2JjN2M0YzAiOnsiY3JlYXRlIjoxMjAwMDAwMDAwMDAwLCJkZWxldGUiOjEyMDAwMDAwMDAwMDAsInVwZGF0ZSI6MTIwMDAwMDAwMDAwMH19",
          "dependencies": [
            "module.vcn.data.oci_core_services.all_oci_services",
            "module.vcn.oci_core_vcn.vcn",
            "oci_identity_compartment.tf-compartment"
          ]
        }
      ]
    },
    {
      "module": "module.vcn",
      "mode": "managed",
      "type": "oci_core_vcn",
      "name": "vcn",
      "provider": "provider[\"registry.terraform.io/hashicorp/oci\"]",
      "instances": [
        {
          "schema_version": 0,
          "attributes": {
            "cidr_block": "10.0.0.0/16",
            "cidr_blocks": [
              "10.0.0.0/16"
            ],
            "compartment_id": "ocid1.compartment.oc1..aaaaaaaabuacridt7yhiusk4hrbekpmje4aet66filj3tc4xqiuj7ugzy5pa",
            "default_dhcp_options_id": "ocid1.dhcpoptions.oc1.uk-london-1.aaaaaaaav4r5zphxhukymwz4pwbseclbbo3ivhddodsuq6a6frdvogv6qaza",
            "default_route_table_id": "ocid1.routetable.oc1.uk-london-1.aaaaaaaapss6bnttopihpstmjj4hvwk3apafn3vqudp2nvgetsqar744szea",
            "default_security_list_id": "ocid1.securitylist.oc1.uk-london-1.aaaaaaaaehkgkh566jk5ftqdvwln4lfjsvts4v4jw3out43iup5o3rigdfja",
            "defined_tags": {
              "Oracle-Tags.CreatedBy": "default/ociadmin",
              "Oracle-Tags.CreatedOn": "2022-03-03T15:15:17.598Z"
            },
            "display_name": "myoci-vcn-module",
            "dns_label": "vcnmodule",
            "freeform_tags": {
              "billing_code": "terrabilling",
              "project": "myociterraformproj"
            },
            "id": "ocid1.vcn.oc1.uk-london-1.amaaaaaava3clrqagxilzdeqrt5x6jmqifyt4mbalvaezrudrpgyu4oihjwa",
            "ipv6cidr_blocks": [],
            "is_ipv6enabled": false,
            "state": "AVAILABLE",
            "time_created": "2022-03-03 15:15:17.699 +0000 UTC",
            "timeouts": null,
            "vcn_domain_name": "vcnmodule.oraclevcn.com"
          },
          "sensitive_attributes": [],
          "private": "eyJlMmJmYjczMC1lY2FhLTExZTYtOGY4OC0zNDM2M2JjN2M0YzAiOnsiY3JlYXRlIjoxMjAwMDAwMDAwMDAwLCJkZWxldGUiOjEyMDAwMDAwMDAwMDAsInVwZGF0ZSI6MTIwMDAwMDAwMDAwMH19",
          "dependencies": [
            "oci_identity_compartment.tf-compartment"
          ]
        }
      ]
    }
  ]
}
